
Microsoft Visual Studio Solution File, Format Version 12.00
# Visual Studio Version 17
VisualStudioVersion = 17.1.32421.90
MinimumVisualStudioVersion = 10.0.40219.1
Project("{FAE04EC0-301F-11D3-BF4B-00C04F79EFBC}") = "GDAL_UTIL", "GDAL_UTIL\GDAL_UTIL.csproj", "{893118F1-8C11-44F6-A59E-CFFAA35E59F4}"
EndProject
Project("{8BC9CEB8-8B4A-11D0-8D11-00A0C91BC942}") = "GDAL_UTIL_KERNEL", "GDAL_UTIL_KERNEL\GDAL_UTIL_KERNEL.vcxproj", "{225A05F9-F16D-4AB4-9515-3D6C236DF880}"
EndProject
Global
	GlobalSection(SolutionConfigurationPlatforms) = preSolution
		Debug|Any CPU = Debug|Any CPU
		Debug|x64 = Debug|x64
		Debug|x86 = Debug|x86
		Release|Any CPU = Release|Any CPU
		Release|x64 = Release|x64
		Release|x86 = Release|x86
	EndGlobalSection
	GlobalSection(ProjectConfigurationPlatforms) = postSolution
		{893118F1-8C11-44F6-A59E-CFFAA35E59F4}.Debug|Any CPU.ActiveCfg = Debug|Any CPU
		{893118F1-8C11-44F6-A59E-CFFAA35E59F4}.Debug|Any CPU.Build.0 = Debug|Any CPU
		{893118F1-8C11-44F6-A59E-CFFAA35E59F4}.Debug|x64.ActiveCfg = Debug|Any CPU
		{893118F1-8C11-44F6-A59E-CFFAA35E59F4}.Debug|x64.Build.0 = Debug|Any CPU
		{893118F1-8C11-44F6-A59E-CFFAA35E59F4}.Debug|x86.ActiveCfg = Debug|Any CPU
		{893118F1-8C11-44F6-A59E-CFFAA35E59F4}.Debug|x86.Build.0 = Debug|Any CPU
		{893118F1-8C11-44F6-A59E-CFFAA35E59F4}.Release|Any CPU.ActiveCfg = Release|Any CPU
		{893118F1-8C11-44F6-A59E-CFFAA35E59F4}.Release|Any CPU.Build.0 = Release|Any CPU
		{893118F1-8C11-44F6-A59E-CFFAA35E59F4}.Release|x64.ActiveCfg = Release|Any CPU
		{893118F1-8C11-44F6-A59E-CFFAA35E59F4}.Release|x64.Build.0 = Release|Any CPU
		{893118F1-8C11-44F6-A59E-CFFAA35E59F4}.Release|x86.ActiveCfg = Release|Any CPU
		{893118F1-8C11-44F6-A59E-CFFAA35E59F4}.Release|x86.Build.0 = Release|Any CPU
		{225A05F9-F16D-4AB4-9515-3D6C236DF880}.Debug|Any CPU.ActiveCfg = Debug|x64
		{225A05F9-F16D-4AB4-9515-3D6C236DF880}.Debug|Any CPU.Build.0 = Debug|x64
		{225A05F9-F16D-4AB4-9515-3D6C236DF880}.Debug|x64.ActiveCfg = Debug|x64
		{225A05F9-F16D-4AB4-9515-3D6C236DF880}.Debug|x64.Build.0 = Debug|x64
		{225A05F9-F16D-4AB4-9515-3D6C236DF880}.Debug|x86.ActiveCfg = Debug|Win32
		{225A05F9-F16D-4AB4-9515-3D6C236DF880}.Debug|x86.Build.0 = Debug|Win32
		{225A05F9-F16D-4AB4-9515-3D6C236DF880}.Release|Any CPU.ActiveCfg = Release|x64
		{225A05F9-F16D-4AB4-9515-3D6C236DF880}.Release|Any CPU.Build.0 = Release|x64
		{225A05F9-F16D-4AB4-9515-3D6C236DF880}.Release|x64.ActiveCfg = Release|x64
		{225A05F9-F16D-4AB4-9515-3D6C236DF880}.Release|x64.Build.0 = Release|x64
		{225A05F9-F16D-4AB4-9515-3D6C236DF880}.Release|x86.ActiveCfg = Release|Win32
		{225A05F9-F16D-4AB4-9515-3D6C236DF880}.Release|x86.Build.0 = Release|Win32
	EndGlobalSection
	GlobalSection(SolutionProperties) = preSolution
		HideSolutionNode = FALSE
	EndGlobalSection
	GlobalSection(ExtensibilityGlobals) = postSolution
		SolutionGuid = {1F695B8C-B909-495E-8E76-91B5D1D2F744}
	EndGlobalSection
EndGlobal
